
Microsoft Visual Studio Solution File, Format Version 11.00
# Visual Studio 2010
Project("{FAE04EC0-301F-11D3-BF4B-00C04F79EFBC}") = "ConsoleApplication1", "ConsoleApplication1\ConsoleApplication1.csproj", "{FB39050B-5427-4999-96AF-6AF0D1DDC91E}"
EndProject
Project("{FAE04EC0-301F-11D3-BF4B-00C04F79EFBC}") = "MvcApplication1", "MvcApplication1\MvcApplication1.csproj", "{066179C5-4FA1-4D18-B4CE-EA40B039D5DA}"
EndProject
Project("{FAE04EC0-301F-11D3-BF4B-00C04F79EFBC}") = "log4net.signalr", "log4net.signalr\log4net.signalr.csproj", "{5DCAB971-9ABE-41CA-B34F-6AD101BAC622}"
EndProject
Project("{FAE04EC0-301F-11D3-BF4B-00C04F79EFBC}") = "ConsoleServer", "ConsoleServer\ConsoleServer.csproj", "{A3989060-C4C9-48FC-AF8B-EEDF211EF65A}"
EndProject
Global
	GlobalSection(SolutionConfigurationPlatforms) = preSolution
		Debug|Any CPU = Debug|Any CPU
		Debug|Mixed Platforms = Debug|Mixed Platforms
		Debug|x86 = Debug|x86
		Release|Any CPU = Release|Any CPU
		Release|Mixed Platforms = Release|Mixed Platforms
		Release|x86 = Release|x86
	EndGlobalSection
	GlobalSection(ProjectConfigurationPlatforms) = postSolution
		{FB39050B-5427-4999-96AF-6AF0D1DDC91E}.Debug|Any CPU.ActiveCfg = Debug|x86
		{FB39050B-5427-4999-96AF-6AF0D1DDC91E}.Debug|Mixed Platforms.ActiveCfg = Debug|x86
		{FB39050B-5427-4999-96AF-6AF0D1DDC91E}.Debug|Mixed Platforms.Build.0 = Debug|x86
		{FB39050B-5427-4999-96AF-6AF0D1DDC91E}.Debug|x86.ActiveCfg = Debug|x86
		{FB39050B-5427-4999-96AF-6AF0D1DDC91E}.Debug|x86.Build.0 = Debug|x86
		{FB39050B-5427-4999-96AF-6AF0D1DDC91E}.Release|Any CPU.ActiveCfg = Release|x86
		{FB39050B-5427-4999-96AF-6AF0D1DDC91E}.Release|Mixed Platforms.ActiveCfg = Release|x86
		{FB39050B-5427-4999-96AF-6AF0D1DDC91E}.Release|Mixed Platforms.Build.0 = Release|x86
		{FB39050B-5427-4999-96AF-6AF0D1DDC91E}.Release|x86.ActiveCfg = Release|x86
		{FB39050B-5427-4999-96AF-6AF0D1DDC91E}.Release|x86.Build.0 = Release|x86
		{066179C5-4FA1-4D18-B4CE-EA40B039D5DA}.Debug|Any CPU.ActiveCfg = Debug|Any CPU
		{066179C5-4FA1-4D18-B4CE-EA40B039D5DA}.Debug|Any CPU.Build.0 = Debug|Any CPU
		{066179C5-4FA1-4D18-B4CE-EA40B039D5DA}.Debug|Mixed Platforms.ActiveCfg = Debug|Any CPU
		{066179C5-4FA1-4D18-B4CE-EA40B039D5DA}.Debug|Mixed Platforms.Build.0 = Debug|Any CPU
		{066179C5-4FA1-4D18-B4CE-EA40B039D5DA}.Debug|x86.ActiveCfg = Debug|Any CPU
		{066179C5-4FA1-4D18-B4CE-EA40B039D5DA}.Release|Any CPU.ActiveCfg = Release|Any CPU
		{066179C5-4FA1-4D18-B4CE-EA40B039D5DA}.Release|Any CPU.Build.0 = Release|Any CPU
		{066179C5-4FA1-4D18-B4CE-EA40B039D5DA}.Release|Mixed Platforms.ActiveCfg = Release|Any CPU
		{066179C5-4FA1-4D18-B4CE-EA40B039D5DA}.Release|Mixed Platforms.Build.0 = Release|Any CPU
		{066179C5-4FA1-4D18-B4CE-EA40B039D5DA}.Release|x86.ActiveCfg = Release|Any CPU
		{5DCAB971-9ABE-41CA-B34F-6AD101BAC622}.Debug|Any CPU.ActiveCfg = Debug|Any CPU
		{5DCAB971-9ABE-41CA-B34F-6AD101BAC622}.Debug|Any CPU.Build.0 = Debug|Any CPU
		{5DCAB971-9ABE-41CA-B34F-6AD101BAC622}.Debug|Mixed Platforms.ActiveCfg = Debug|Any CPU
		{5DCAB971-9ABE-41CA-B34F-6AD101BAC622}.Debug|Mixed Platforms.Build.0 = Debug|Any CPU
		{5DCAB971-9ABE-41CA-B34F-6AD101BAC622}.Debug|x86.ActiveCfg = Debug|Any CPU
		{5DCAB971-9ABE-41CA-B34F-6AD101BAC622}.Release|Any CPU.ActiveCfg = Release|Any CPU
		{5DCAB971-9ABE-41CA-B34F-6AD101BAC622}.Release|Any CPU.Build.0 = Release|Any CPU
		{5DCAB971-9ABE-41CA-B34F-6AD101BAC622}.Release|Mixed Platforms.ActiveCfg = Release|Any CPU
		{5DCAB971-9ABE-41CA-B34F-6AD101BAC622}.Release|Mixed Platforms.Build.0 = Release|Any CPU
		{5DCAB971-9ABE-41CA-B34F-6AD101BAC622}.Release|x86.ActiveCfg = Release|Any CPU
		{A3989060-C4C9-48FC-AF8B-EEDF211EF65A}.Debug|Any CPU.ActiveCfg = Debug|x86
		{A3989060-C4C9-48FC-AF8B-EEDF211EF65A}.Debug|Mixed Platforms.ActiveCfg = Debug|x86
		{A3989060-C4C9-48FC-AF8B-EEDF211EF65A}.Debug|Mixed Platforms.Build.0 = Debug|x86
		{A3989060-C4C9-48FC-AF8B-EEDF211EF65A}.Debug|x86.ActiveCfg = Debug|x86
		{A3989060-C4C9-48FC-AF8B-EEDF211EF65A}.Debug|x86.Build.0 = Debug|x86
		{A3989060-C4C9-48FC-AF8B-EEDF211EF65A}.Release|Any CPU.ActiveCfg = Release|x86
		{A3989060-C4C9-48FC-AF8B-EEDF211EF65A}.Release|Mixed Platforms.ActiveCfg = Release|x86
		{A3989060-C4C9-48FC-AF8B-EEDF211EF65A}.Release|Mixed Platforms.Build.0 = Release|x86
		{A3989060-C4C9-48FC-AF8B-EEDF211EF65A}.Release|x86.ActiveCfg = Release|x86
		{A3989060-C4C9-48FC-AF8B-EEDF211EF65A}.Release|x86.Build.0 = Release|x86
	EndGlobalSection
	GlobalSection(SolutionProperties) = preSolution
		HideSolutionNode = FALSE
	EndGlobalSection
EndGlobal
